
Microsoft Visual Studio Solution File, Format Version 12.00
# Visual Studio 14
VisualStudioVersion = 14.0.23107.0
MinimumVisualStudioVersion = 10.0.40219.1
Project("{FAE04EC0-301F-11D3-BF4B-00C04F79EFBC}") = "1. Lightweight Visuals", "1. Lightweight Visuals\1. Lightweight Visuals.csproj", "{CA516AD9-D11E-4974-8C51-35E3708B9B06}"
EndProject
Project("{FAE04EC0-301F-11D3-BF4B-00C04F79EFBC}") = "3. Lightweight Visuals XAML", "3. Lightweight Visuals XAML\3. Lightweight Visuals XAML.csproj", "{D2690EC1-07EE-42EE-8128-F01293E7DF8E}"
EndProject
Project("{FAE04EC0-301F-11D3-BF4B-00C04F79EFBC}") = "4. Composition Effects", "4. Composition Effects\4. Composition Effects.csproj", "{C0CEEB0D-B93F-47E5-B0CB-11C22CCC66FA}"
EndProject
Project("{FAE04EC0-301F-11D3-BF4B-00C04F79EFBC}") = "5. Composition Animation", "5. Composition Animation\5. Composition Animation.csproj", "{FBCDCB9A-E48A-454E-82B9-B7B3E249A5E4}"
EndProject
Project("{8BC9CEB8-8B4A-11D0-8D11-00A0C91BC942}") = "6. Direct3D Interop - Dolphin", "6. Direct3D Interop - Dolphin\6. Direct3D Interop - Dolphin.vcxproj", "{3EFA7B8F-B3A2-40D3-9864-DC5C58FEE720}"
EndProject
Project("{FAE04EC0-301F-11D3-BF4B-00C04F79EFBC}") = "7. Win2D Interop", "7. Win2D Interop\7. Win2D Interop.csproj", "{F0C8C06C-BC71-45B0-9271-C08AE4332462}"
EndProject
Project("{8BC9CEB8-8B4A-11D0-8D11-00A0C91BC942}") = "Win2DCompositionInterop", "Win2DCompositionInterop\Win2DCompositionInterop.vcxproj", "{869E31B8-F400-49A7-A3A3-FC90EE1DA212}"
EndProject
Global
	GlobalSection(SolutionConfigurationPlatforms) = preSolution
		Debug|ARM = Debug|ARM
		Debug|x64 = Debug|x64
		Debug|x86 = Debug|x86
		Release|ARM = Release|ARM
		Release|x64 = Release|x64
		Release|x86 = Release|x86
	EndGlobalSection
	GlobalSection(ProjectConfigurationPlatforms) = postSolution
		{CA516AD9-D11E-4974-8C51-35E3708B9B06}.Debug|ARM.ActiveCfg = Debug|ARM
		{CA516AD9-D11E-4974-8C51-35E3708B9B06}.Debug|ARM.Build.0 = Debug|ARM
		{CA516AD9-D11E-4974-8C51-35E3708B9B06}.Debug|ARM.Deploy.0 = Debug|ARM
		{CA516AD9-D11E-4974-8C51-35E3708B9B06}.Debug|x64.ActiveCfg = Debug|x64
		{CA516AD9-D11E-4974-8C51-35E3708B9B06}.Debug|x64.Build.0 = Debug|x64
		{CA516AD9-D11E-4974-8C51-35E3708B9B06}.Debug|x64.Deploy.0 = Debug|x64
		{CA516AD9-D11E-4974-8C51-35E3708B9B06}.Debug|x86.ActiveCfg = Debug|x86
		{CA516AD9-D11E-4974-8C51-35E3708B9B06}.Debug|x86.Build.0 = Debug|x86
		{CA516AD9-D11E-4974-8C51-35E3708B9B06}.Debug|x86.Deploy.0 = Debug|x86
		{CA516AD9-D11E-4974-8C51-35E3708B9B06}.Release|ARM.ActiveCfg = Release|ARM
		{CA516AD9-D11E-4974-8C51-35E3708B9B06}.Release|ARM.Build.0 = Release|ARM
		{CA516AD9-D11E-4974-8C51-35E3708B9B06}.Release|ARM.Deploy.0 = Release|ARM
		{CA516AD9-D11E-4974-8C51-35E3708B9B06}.Release|x64.ActiveCfg = Release|x64
		{CA516AD9-D11E-4974-8C51-35E3708B9B06}.Release|x64.Build.0 = Release|x64
		{CA516AD9-D11E-4974-8C51-35E3708B9B06}.Release|x64.Deploy.0 = Release|x64
		{CA516AD9-D11E-4974-8C51-35E3708B9B06}.Release|x86.ActiveCfg = Release|x86
		{CA516AD9-D11E-4974-8C51-35E3708B9B06}.Release|x86.Build.0 = Release|x86
		{CA516AD9-D11E-4974-8C51-35E3708B9B06}.Release|x86.Deploy.0 = Release|x86
		{D2690EC1-07EE-42EE-8128-F01293E7DF8E}.Debug|ARM.ActiveCfg = Debug|ARM
		{D2690EC1-07EE-42EE-8128-F01293E7DF8E}.Debug|ARM.Build.0 = Debug|ARM
		{D2690EC1-07EE-42EE-8128-F01293E7DF8E}.Debug|ARM.Deploy.0 = Debug|ARM
		{D2690EC1-07EE-42EE-8128-F01293E7DF8E}.Debug|x64.ActiveCfg = Debug|x64
		{D2690EC1-07EE-42EE-8128-F01293E7DF8E}.Debug|x64.Build.0 = Debug|x64
		{D2690EC1-07EE-42EE-8128-F01293E7DF8E}.Debug|x64.Deploy.0 = Debug|x64
		{D2690EC1-07EE-42EE-8128-F01293E7DF8E}.Debug|x86.ActiveCfg = Debug|x86
		{D2690EC1-07EE-42EE-8128-F01293E7DF8E}.Debug|x86.Build.0 = Debug|x86
		{D2690EC1-07EE-42EE-8128-F01293E7DF8E}.Debug|x86.Deploy.0 = Debug|x86
		{D2690EC1-07EE-42EE-8128-F01293E7DF8E}.Release|ARM.ActiveCfg = Release|ARM
		{D2690EC1-07EE-42EE-8128-F01293E7DF8E}.Release|ARM.Build.0 = Release|ARM
		{D2690EC1-07EE-42EE-8128-F01293E7DF8E}.Release|ARM.Deploy.0 = Release|ARM
		{D2690EC1-07EE-42EE-8128-F01293E7DF8E}.Release|x64.ActiveCfg = Release|x64
		{D2690EC1-07EE-42EE-8128-F01293E7DF8E}.Release|x64.Build.0 = Release|x64
		{D2690EC1-07EE-42EE-8128-F01293E7DF8E}.Release|x64.Deploy.0 = Release|x64
		{D2690EC1-07EE-42EE-8128-F01293E7DF8E}.Release|x86.ActiveCfg = Release|x86
		{D2690EC1-07EE-42EE-8128-F01293E7DF8E}.Release|x86.Build.0 = Release|x86
		{D2690EC1-07EE-42EE-8128-F01293E7DF8E}.Release|x86.Deploy.0 = Release|x86
		{C0CEEB0D-B93F-47E5-B0CB-11C22CCC66FA}.Debug|ARM.ActiveCfg = Debug|ARM
		{C0CEEB0D-B93F-47E5-B0CB-11C22CCC66FA}.Debug|ARM.Build.0 = Debug|ARM
		{C0CEEB0D-B93F-47E5-B0CB-11C22CCC66FA}.Debug|ARM.Deploy.0 = Debug|ARM
		{C0CEEB0D-B93F-47E5-B0CB-11C22CCC66FA}.Debug|x64.ActiveCfg = Debug|x64
		{C0CEEB0D-B93F-47E5-B0CB-11C22CCC66FA}.Debug|x64.Build.0 = Debug|x64
		{C0CEEB0D-B93F-47E5-B0CB-11C22CCC66FA}.Debug|x64.Deploy.0 = Debug|x64
		{C0CEEB0D-B93F-47E5-B0CB-11C22CCC66FA}.Debug|x86.ActiveCfg = Debug|x86
		{C0CEEB0D-B93F-47E5-B0CB-11C22CCC66FA}.Debug|x86.Build.0 = Debug|x86
		{C0CEEB0D-B93F-47E5-B0CB-11C22CCC66FA}.Debug|x86.Deploy.0 = Debug|x86
		{C0CEEB0D-B93F-47E5-B0CB-11C22CCC66FA}.Release|ARM.ActiveCfg = Release|ARM
		{C0CEEB0D-B93F-47E5-B0CB-11C22CCC66FA}.Release|ARM.Build.0 = Release|ARM
		{C0CEEB0D-B93F-47E5-B0CB-11C22CCC66FA}.Release|ARM.Deploy.0 = Release|ARM
		{C0CEEB0D-B93F-47E5-B0CB-11C22CCC66FA}.Release|x64.ActiveCfg = Release|x64
		{C0CEEB0D-B93F-47E5-B0CB-11C22CCC66FA}.Release|x64.Build.0 = Release|x64
		{C0CEEB0D-B93F-47E5-B0CB-11C22CCC66FA}.Release|x64.Deploy.0 = Release|x64
		{C0CEEB0D-B93F-47E5-B0CB-11C22CCC66FA}.Release|x86.ActiveCfg = Release|x86
		{C0CEEB0D-B93F-47E5-B0CB-11C22CCC66FA}.Release|x86.Build.0 = Release|x86
		{C0CEEB0D-B93F-47E5-B0CB-11C22CCC66FA}.Release|x86.Deploy.0 = Release|x86
		{FBCDCB9A-E48A-454E-82B9-B7B3E249A5E4}.Debug|ARM.ActiveCfg = Debug|ARM
		{FBCDCB9A-E48A-454E-82B9-B7B3E249A5E4}.Debug|ARM.Build.0 = Debug|ARM
		{FBCDCB9A-E48A-454E-82B9-B7B3E249A5E4}.Debug|ARM.Deploy.0 = Debug|ARM
		{FBCDCB9A-E48A-454E-82B9-B7B3E249A5E4}.Debug|x64.ActiveCfg = Debug|x64
		{FBCDCB9A-E48A-454E-82B9-B7B3E249A5E4}.Debug|x64.Build.0 = Debug|x64
		{FBCDCB9A-E48A-454E-82B9-B7B3E249A5E4}.Debug|x64.Deploy.0 = Debug|x64
		{FBCDCB9A-E48A-454E-82B9-B7B3E249A5E4}.Debug|x86.ActiveCfg = Debug|x86
		{FBCDCB9A-E48A-454E-82B9-B7B3E249A5E4}.Debug|x86.Build.0 = Debug|x86
		{FBCDCB9A-E48A-454E-82B9-B7B3E249A5E4}.Debug|x86.Deploy.0 = Debug|x86
		{FBCDCB9A-E48A-454E-82B9-B7B3E249A5E4}.Release|ARM.ActiveCfg = Release|ARM
		{FBCDCB9A-E48A-454E-82B9-B7B3E249A5E4}.Release|ARM.Build.0 = Release|ARM
		{FBCDCB9A-E48A-454E-82B9-B7B3E249A5E4}.Release|ARM.Deploy.0 = Release|ARM
		{FBCDCB9A-E48A-454E-82B9-B7B3E249A5E4}.Release|x64.ActiveCfg = Release|x64
		{FBCDCB9A-E48A-454E-82B9-B7B3E249A5E4}.Release|x64.Build.0 = Release|x64
		{FBCDCB9A-E48A-454E-82B9-B7B3E249A5E4}.Release|x64.Deploy.0 = Release|x64
		{FBCDCB9A-E48A-454E-82B9-B7B3E249A5E4}.Release|x86.ActiveCfg = Release|x86
		{FBCDCB9A-E48A-454E-82B9-B7B3E249A5E4}.Release|x86.Build.0 = Release|x86
		{FBCDCB9A-E48A-454E-82B9-B7B3E249A5E4}.Release|x86.Deploy.0 = Release|x86
		{3EFA7B8F-B3A2-40D3-9864-DC5C58FEE720}.Debug|ARM.ActiveCfg = Debug|ARM
		{3EFA7B8F-B3A2-40D3-9864-DC5C58FEE720}.Debug|ARM.Build.0 = Debug|ARM
		{3EFA7B8F-B3A2-40D3-9864-DC5C58FEE720}.Debug|ARM.Deploy.0 = Debug|ARM
		{3EFA7B8F-B3A2-40D3-9864-DC5C58FEE720}.Debug|x64.ActiveCfg = Debug|x64
		{3EFA7B8F-B3A2-40D3-9864-DC5C58FEE720}.Debug|x64.Build.0 = Debug|x64
		{3EFA7B8F-B3A2-40D3-9864-DC5C58FEE720}.Debug|x64.Deploy.0 = Debug|x64
		{3EFA7B8F-B3A2-40D3-9864-DC5C58FEE720}.Debug|x86.ActiveCfg = Debug|Win32
		{3EFA7B8F-B3A2-40D3-9864-DC5C58FEE720}.Debug|x86.Build.0 = Debug|Win32
		{3EFA7B8F-B3A2-40D3-9864-DC5C58FEE720}.Debug|x86.Deploy.0 = Debug|Win32
		{3EFA7B8F-B3A2-40D3-9864-DC5C58FEE720}.Release|ARM.ActiveCfg = Release|ARM
		{3EFA7B8F-B3A2-40D3-9864-DC5C58FEE720}.Release|ARM.Build.0 = Release|ARM
		{3EFA7B8F-B3A2-40D3-9864-DC5C58FEE720}.Release|ARM.Deploy.0 = Release|ARM
		{3EFA7B8F-B3A2-40D3-9864-DC5C58FEE720}.Release|x64.ActiveCfg = Release|x64
		{3EFA7B8F-B3A2-40D3-9864-DC5C58FEE720}.Release|x64.Build.0 = Release|x64
		{3EFA7B8F-B3A2-40D3-9864-DC5C58FEE720}.Release|x64.Deploy.0 = Release|x64
		{3EFA7B8F-B3A2-40D3-9864-DC5C58FEE720}.Release|x86.ActiveCfg = Release|Win32
		{3EFA7B8F-B3A2-40D3-9864-DC5C58FEE720}.Release|x86.Build.0 = Release|Win32
		{3EFA7B8F-B3A2-40D3-9864-DC5C58FEE720}.Release|x86.Deploy.0 = Release|Win32
		{F0C8C06C-BC71-45B0-9271-C08AE4332462}.Debug|ARM.ActiveCfg = Debug|ARM
		{F0C8C06C-BC71-45B0-9271-C08AE4332462}.Debug|ARM.Build.0 = Debug|ARM
		{F0C8C06C-BC71-45B0-9271-C08AE4332462}.Debug|ARM.Deploy.0 = Debug|ARM
		{F0C8C06C-BC71-45B0-9271-C08AE4332462}.Debug|x64.ActiveCfg = Debug|x64
		{F0C8C06C-BC71-45B0-9271-C08AE4332462}.Debug|x64.Build.0 = Debug|x64
		{F0C8C06C-BC71-45B0-9271-C08AE4332462}.Debug|x64.Deploy.0 = Debug|x64
		{F0C8C06C-BC71-45B0-9271-C08AE4332462}.Debug|x86.ActiveCfg = Debug|x86
		{F0C8C06C-BC71-45B0-9271-C08AE4332462}.Debug|x86.Build.0 = Debug|x86
		{F0C8C06C-BC71-45B0-9271-C08AE4332462}.Debug|x86.Deploy.0 = Debug|x86
		{F0C8C06C-BC71-45B0-9271-C08AE4332462}.Release|ARM.ActiveCfg = Release|ARM
		{F0C8C06C-BC71-45B0-9271-C08AE4332462}.Release|ARM.Build.0 = Release|ARM
		{F0C8C06C-BC71-45B0-9271-C08AE4332462}.Release|ARM.Deploy.0 = Release|ARM
		{F0C8C06C-BC71-45B0-9271-C08AE4332462}.Release|x64.ActiveCfg = Release|x64
		{F0C8C06C-BC71-45B0-9271-C08AE4332462}.Release|x64.Build.0 = Release|x64
		{F0C8C06C-BC71-45B0-9271-C08AE4332462}.Release|x64.Deploy.0 = Release|x64
		{F0C8C06C-BC71-45B0-9271-C08AE4332462}.Release|x86.ActiveCfg = Release|x86
		{F0C8C06C-BC71-45B0-9271-C08AE4332462}.Release|x86.Build.0 = Release|x86
		{F0C8C06C-BC71-45B0-9271-C08AE4332462}.Release|x86.Deploy.0 = Release|x86
		{869E31B8-F400-49A7-A3A3-FC90EE1DA212}.Debug|ARM.ActiveCfg = Debug|ARM
		{869E31B8-F400-49A7-A3A3-FC90EE1DA212}.Debug|ARM.Build.0 = Debug|ARM
		{869E31B8-F400-49A7-A3A3-FC90EE1DA212}.Debug|x64.ActiveCfg = Debug|x64
		{869E31B8-F400-49A7-A3A3-FC90EE1DA212}.Debug|x64.Build.0 = Debug|x64
		{869E31B8-F400-49A7-A3A3-FC90EE1DA212}.Debug|x86.ActiveCfg = Debug|Win32
		{869E31B8-F400-49A7-A3A3-FC90EE1DA212}.Debug|x86.Build.0 = Debug|Win32
		{869E31B8-F400-49A7-A3A3-FC90EE1DA212}.Release|ARM.ActiveCfg = Release|ARM
		{869E31B8-F400-49A7-A3A3-FC90EE1DA212}.Release|ARM.Build.0 = Release|ARM
		{869E31B8-F400-49A7-A3A3-FC90EE1DA212}.Release|x64.ActiveCfg = Release|x64
		{869E31B8-F400-49A7-A3A3-FC90EE1DA212}.Release|x64.Build.0 = Release|x64
		{869E31B8-F400-49A7-A3A3-FC90EE1DA212}.Release|x86.ActiveCfg = Release|Win32
		{869E31B8-F400-49A7-A3A3-FC90EE1DA212}.Release|x86.Build.0 = Release|Win32
	EndGlobalSection
	GlobalSection(SolutionProperties) = preSolution
		HideSolutionNode = FALSE
	EndGlobalSection
EndGlobal
